
Microsoft Visual Studio Solution File, Format Version 12.00
# Visual Studio Version 17
VisualStudioVersion = 17.14.36408.4
MinimumVisualStudioVersion = 10.0.40219.1
Project("{FAE04EC0-301F-11D3-BF4B-00C04F79EFBC}") = "BT3_Nhom3_23WebC", "BT2_Nhom3_23WebC\BT3_Nhom3_23WebC.csproj", "{9979AF0D-9F16-4BE8-9687-E79A97252C53}"
EndProject
Global
	GlobalSection(SolutionConfigurationPlatforms) = preSolution
		Debug|Any CPU = Debug|Any CPU
		Release|Any CPU = Release|Any CPU
	EndGlobalSection
	GlobalSection(ProjectConfigurationPlatforms) = postSolution
		{9979AF0D-9F16-4BE8-9687-E79A97252C53}.Debug|Any CPU.ActiveCfg = Debug|Any CPU
		{9979AF0D-9F16-4BE8-9687-E79A97252C53}.Debug|Any CPU.Build.0 = Debug|Any CPU
		{9979AF0D-9F16-4BE8-9687-E79A97252C53}.Release|Any CPU.ActiveCfg = Release|Any CPU
		{9979AF0D-9F16-4BE8-9687-E79A97252C53}.Release|Any CPU.Build.0 = Release|Any CPU
	EndGlobalSection
	GlobalSection(SolutionProperties) = preSolution
		HideSolutionNode = FALSE
	EndGlobalSection
	GlobalSection(ExtensibilityGlobals) = postSolution
		SolutionGuid = {BB0A335C-A131-4BAE-9BDB-2F98BC1AEFED}
	EndGlobalSection
EndGlobal
